
Microsoft Visual Studio Solution File, Format Version 12.00
# Visual Studio Version 17
VisualStudioVersion = 17.13.35806.99
MinimumVisualStudioVersion = 10.0.40219.1
Project("{FAE04EC0-301F-11D3-BF4B-00C04F79EFBC}") = "UserWebApi", "UserWebApi\UserWebApi.csproj", "{A794EFB4-CADB-4801-A840-A958596AFDFE}"
EndProject
Project("{FAE04EC0-301F-11D3-BF4B-00C04F79EFBC}") = "UserWebApi.Data", "UserWebApi.Data\UserWebApi.Data.csproj", "{60CA56C7-7662-4845-96C8-0F4F6345B57D}"
EndProject
Project("{FAE04EC0-301F-11D3-BF4B-00C04F79EFBC}") = "UserWebApi.Repositories", "UserWebApi.Repositories\UserWebApi.Repositories.csproj", "{3A2E70AC-20AF-4393-9772-F88389C58336}"
EndProject
Project("{FAE04EC0-301F-11D3-BF4B-00C04F79EFBC}") = "UserWebApi.Services", "UserWebApi.Services\UserWebApi.Services.csproj", "{6D6F32DD-C8BB-4A35-8BFB-B23C1541A0C3}"
EndProject
Project("{FAE04EC0-301F-11D3-BF4B-00C04F79EFBC}") = "UserWebApi.UnitTest", "UserWebApi.UnitTest\UserWebApi.UnitTest.csproj", "{5A73AE46-E349-4BDF-A5AB-CB6A42B58179}"
EndProject
Global
	GlobalSection(SolutionConfigurationPlatforms) = preSolution
		Debug|Any CPU = Debug|Any CPU
		Release|Any CPU = Release|Any CPU
	EndGlobalSection
	GlobalSection(ProjectConfigurationPlatforms) = postSolution
		{A794EFB4-CADB-4801-A840-A958596AFDFE}.Debug|Any CPU.ActiveCfg = Debug|Any CPU
		{A794EFB4-CADB-4801-A840-A958596AFDFE}.Debug|Any CPU.Build.0 = Debug|Any CPU
		{A794EFB4-CADB-4801-A840-A958596AFDFE}.Release|Any CPU.ActiveCfg = Release|Any CPU
		{A794EFB4-CADB-4801-A840-A958596AFDFE}.Release|Any CPU.Build.0 = Release|Any CPU
		{60CA56C7-7662-4845-96C8-0F4F6345B57D}.Debug|Any CPU.ActiveCfg = Debug|Any CPU
		{60CA56C7-7662-4845-96C8-0F4F6345B57D}.Debug|Any CPU.Build.0 = Debug|Any CPU
		{60CA56C7-7662-4845-96C8-0F4F6345B57D}.Release|Any CPU.ActiveCfg = Release|Any CPU
		{60CA56C7-7662-4845-96C8-0F4F6345B57D}.Release|Any CPU.Build.0 = Release|Any CPU
		{3A2E70AC-20AF-4393-9772-F88389C58336}.Debug|Any CPU.ActiveCfg = Debug|Any CPU
		{3A2E70AC-20AF-4393-9772-F88389C58336}.Debug|Any CPU.Build.0 = Debug|Any CPU
		{3A2E70AC-20AF-4393-9772-F88389C58336}.Release|Any CPU.ActiveCfg = Release|Any CPU
		{3A2E70AC-20AF-4393-9772-F88389C58336}.Release|Any CPU.Build.0 = Release|Any CPU
		{6D6F32DD-C8BB-4A35-8BFB-B23C1541A0C3}.Debug|Any CPU.ActiveCfg = Debug|Any CPU
		{6D6F32DD-C8BB-4A35-8BFB-B23C1541A0C3}.Debug|Any CPU.Build.0 = Debug|Any CPU
		{6D6F32DD-C8BB-4A35-8BFB-B23C1541A0C3}.Release|Any CPU.ActiveCfg = Release|Any CPU
		{6D6F32DD-C8BB-4A35-8BFB-B23C1541A0C3}.Release|Any CPU.Build.0 = Release|Any CPU
		{5A73AE46-E349-4BDF-A5AB-CB6A42B58179}.Debug|Any CPU.ActiveCfg = Debug|Any CPU
		{5A73AE46-E349-4BDF-A5AB-CB6A42B58179}.Debug|Any CPU.Build.0 = Debug|Any CPU
		{5A73AE46-E349-4BDF-A5AB-CB6A42B58179}.Release|Any CPU.ActiveCfg = Release|Any CPU
		{5A73AE46-E349-4BDF-A5AB-CB6A42B58179}.Release|Any CPU.Build.0 = Release|Any CPU
	EndGlobalSection
	GlobalSection(SolutionProperties) = preSolution
		HideSolutionNode = FALSE
	EndGlobalSection
	GlobalSection(ExtensibilityGlobals) = postSolution
		SolutionGuid = {5AC3A8B9-7EFC-4CAE-8B84-B2EBA3EB1078}
	EndGlobalSection
EndGlobal
